// !$*UTF8*$!
{
	archiveVersion = 1;
	classes = {
	};
	objectVersion = 55;
	objects = {

/* Begin PBXBuildFile section */
		0918AD4628D6953F00E95DFB /* ProductDetailTableViewCell.swift in Sources */ = {isa = PBXBuildFile; fileRef = 0918AD4528D6953F00E95DFB /* ProductDetailTableViewCell.swift */; };
		091EC60C295BD8F2000C4E8C /* Masks.swift in Sources */ = {isa = PBXBuildFile; fileRef = 091EC60B295BD8F2000C4E8C /* Masks.swift */; };
		0937E43428CFD58400920D18 /* UIResponder+Utils.swift in Sources */ = {isa = PBXBuildFile; fileRef = 0937E43328CFD58400920D18 /* UIResponder+Utils.swift */; };
		093F937F2926DC9C00DA697B /* RastreioBFService.swift in Sources */ = {isa = PBXBuildFile; fileRef = 093F937E2926DC9C00DA697B /* RastreioBFService.swift */; };
		0960A0C7295674E700D2FC37 /* EmptyStateTableViewCell.swift in Sources */ = {isa = PBXBuildFile; fileRef = 0960A0C6295674E700D2FC37 /* EmptyStateTableViewCell.swift */; };
		0960A0C9295682E900D2FC37 /* CoreDataStack.swift in Sources */ = {isa = PBXBuildFile; fileRef = 0960A0C8295682E900D2FC37 /* CoreDataStack.swift */; };
		096BFC2129489DCC003C1945 /* GenericService.swift in Sources */ = {isa = PBXBuildFile; fileRef = 096BFC2029489DCC003C1945 /* GenericService.swift */; };
		096BFC2429489EC5003C1945 /* RastreioTemplate.json in Resources */ = {isa = PBXBuildFile; fileRef = 096BFC2329489EC5003C1945 /* RastreioTemplate.json */; };
		096BFC2629489F93003C1945 /* RastreioAPIViewModel.swift in Sources */ = {isa = PBXBuildFile; fileRef = 096BFC2529489F93003C1945 /* RastreioAPIViewModel.swift */; };
		096BFC2F2948E70E003C1945 /* PackageCell.swift in Sources */ = {isa = PBXBuildFile; fileRef = 096BFC2E2948E70E003C1945 /* PackageCell.swift */; };
		096BFC3A294EA779003C1945 /* CoreDataManager.swift in Sources */ = {isa = PBXBuildFile; fileRef = 096BFC39294EA779003C1945 /* CoreDataManager.swift */; };
		09732389291D19A500E44BB7 /* EmailConfirmationProtocols.swift in Sources */ = {isa = PBXBuildFile; fileRef = 09732388291D19A500E44BB7 /* EmailConfirmationProtocols.swift */; };
		0973238C291D1A3A00E44BB7 /* EmailConfirmationCoordinator.swift in Sources */ = {isa = PBXBuildFile; fileRef = 0973238B291D1A3A00E44BB7 /* EmailConfirmationCoordinator.swift */; };
		0973238F291D1A6200E44BB7 /* EmailConfirmationViewModel.swift in Sources */ = {isa = PBXBuildFile; fileRef = 0973238E291D1A6200E44BB7 /* EmailConfirmationViewModel.swift */; };
		0974F62E28CB77A7004E8716 /* AppDelegate.swift in Sources */ = {isa = PBXBuildFile; fileRef = 0974F62D28CB77A7004E8716 /* AppDelegate.swift */; };
		0974F63028CB77A7004E8716 /* SceneDelegate.swift in Sources */ = {isa = PBXBuildFile; fileRef = 0974F62F28CB77A7004E8716 /* SceneDelegate.swift */; };
		0974F63228CB77A7004E8716 /* UITextField+SecureToggle.swift in Sources */ = {isa = PBXBuildFile; fileRef = 0974F63128CB77A7004E8716 /* UITextField+SecureToggle.swift */; };
		0974F63728CB77A8004E8716 /* Assets.xcassets in Resources */ = {isa = PBXBuildFile; fileRef = 0974F63628CB77A8004E8716 /* Assets.xcassets */; };
		0974F63A28CB77A8004E8716 /* LaunchScreen.storyboard in Resources */ = {isa = PBXBuildFile; fileRef = 0974F63828CB77A8004E8716 /* LaunchScreen.storyboard */; };
		0974F64528CB7883004E8716 /* loginAnimation.json in Resources */ = {isa = PBXBuildFile; fileRef = 0974F64228CB7883004E8716 /* loginAnimation.json */; };
		0974F64628CB7883004E8716 /* signUpAnimation.json in Resources */ = {isa = PBXBuildFile; fileRef = 0974F64328CB7883004E8716 /* signUpAnimation.json */; };
		0974F64728CB7883004E8716 /* unlocked.json in Resources */ = {isa = PBXBuildFile; fileRef = 0974F64428CB7883004E8716 /* unlocked.json */; };
		098B467528CECA28009D08A4 /* TrackingView.swift in Sources */ = {isa = PBXBuildFile; fileRef = 098B467428CECA28009D08A4 /* TrackingView.swift */; };
		098B467D28CECB1E009D08A4 /* TrackingViewController.swift in Sources */ = {isa = PBXBuildFile; fileRef = 098B467C28CECB1E009D08A4 /* TrackingViewController.swift */; };
		099BCC6328CB7CEF000DFDE6 /* GoogleService-Info.plist in Resources */ = {isa = PBXBuildFile; fileRef = 099BCC6228CB7CEF000DFDE6 /* GoogleService-Info.plist */; };
		099BCC6628CB80D6000DFDE6 /* Constants.swift in Sources */ = {isa = PBXBuildFile; fileRef = 099BCC6528CB80D6000DFDE6 /* Constants.swift */; };
		099BCC6828CB80EB000DFDE6 /* Bundle+.swift in Sources */ = {isa = PBXBuildFile; fileRef = 099BCC6728CB80EB000DFDE6 /* Bundle+.swift */; };
		099BCC6A28CB8103000DFDE6 /* String+.swift in Sources */ = {isa = PBXBuildFile; fileRef = 099BCC6928CB8103000DFDE6 /* String+.swift */; };
		099BCC6D28CB8159000DFDE6 /* RastreioBF.strings in Resources */ = {isa = PBXBuildFile; fileRef = 099BCC6C28CB8159000DFDE6 /* RastreioBF.strings */; };
		099BCC6F28CB817A000DFDE6 /* LocalizedConstants.swift in Sources */ = {isa = PBXBuildFile; fileRef = 099BCC6E28CB817A000DFDE6 /* LocalizedConstants.swift */; };
		099BCC7228CB81CA000DFDE6 /* Alert.swift in Sources */ = {isa = PBXBuildFile; fileRef = 099BCC7128CB81CA000DFDE6 /* Alert.swift */; };
		099BCC7628CB8231000DFDE6 /* LoginViewController.swift in Sources */ = {isa = PBXBuildFile; fileRef = 099BCC7528CB8231000DFDE6 /* LoginViewController.swift */; };
		099BCC7928CB8277000DFDE6 /* LoginView.swift in Sources */ = {isa = PBXBuildFile; fileRef = 099BCC7828CB8277000DFDE6 /* LoginView.swift */; };
		099BCC7D28CB82EF000DFDE6 /* DemoViewController.swift in Sources */ = {isa = PBXBuildFile; fileRef = 099BCC7C28CB82EF000DFDE6 /* DemoViewController.swift */; };
		099BCC8028CB8334000DFDE6 /* OnboardingViewController.swift in Sources */ = {isa = PBXBuildFile; fileRef = 099BCC7F28CB8334000DFDE6 /* OnboardingViewController.swift */; };
		099BCC8528CB83A9000DFDE6 /* EmailConfirmationScreen.swift in Sources */ = {isa = PBXBuildFile; fileRef = 099BCC8428CB83A9000DFDE6 /* EmailConfirmationScreen.swift */; };
		099BCC8728CB83CA000DFDE6 /* EmailConfirmationViewController.swift in Sources */ = {isa = PBXBuildFile; fileRef = 099BCC8628CB83CA000DFDE6 /* EmailConfirmationViewController.swift */; };
		099BCC9928CB89B5000DFDE6 /* SignUpView.swift in Sources */ = {isa = PBXBuildFile; fileRef = 099BCC9828CB89B5000DFDE6 /* SignUpView.swift */; };
		099BCC9B28CB89D3000DFDE6 /* SignUpViewController.swift in Sources */ = {isa = PBXBuildFile; fileRef = 099BCC9A28CB89D3000DFDE6 /* SignUpViewController.swift */; };
		099BCC9F28CB8A70000DFDE6 /* MainTabBarController.swift in Sources */ = {isa = PBXBuildFile; fileRef = 099BCC9E28CB8A70000DFDE6 /* MainTabBarController.swift */; };
		099BCCAE28CB8BC4000DFDE6 /* WarningViewController.swift in Sources */ = {isa = PBXBuildFile; fileRef = 099BCCAD28CB8BC4000DFDE6 /* WarningViewController.swift */; };
		09DB4EFA293CDAE9009BA93A /* LoginProtocols.swift in Sources */ = {isa = PBXBuildFile; fileRef = 09DB4EF9293CDAE9009BA93A /* LoginProtocols.swift */; };
		09DB4EFE293CDC91009BA93A /* LoginViewModel.swift in Sources */ = {isa = PBXBuildFile; fileRef = 09DB4EFD293CDC91009BA93A /* LoginViewModel.swift */; };
		09DB4F01293CEFA2009BA93A /* SignUpProtocols.swift in Sources */ = {isa = PBXBuildFile; fileRef = 09DB4F00293CEFA2009BA93A /* SignUpProtocols.swift */; };
		09DB4F03293CF0AF009BA93A /* SignUpViewModel.swift in Sources */ = {isa = PBXBuildFile; fileRef = 09DB4F02293CF0AF009BA93A /* SignUpViewModel.swift */; };
		0FE1F1180BC19C91F504AC14 /* Pods_RastreioBF.framework in Frameworks */ = {isa = PBXBuildFile; fileRef = F222AA0DAB02B0FA791F1471 /* Pods_RastreioBF.framework */; };
		3A163B0329117046005A93AA /* (null) in Sources */ = {isa = PBXBuildFile; };
		6C0DCC62293D1A28001A5EF2 /* DataProduct.xcdatamodeld in Sources */ = {isa = PBXBuildFile; fileRef = 6C0DCC60293D1A28001A5EF2 /* DataProduct.xcdatamodeld */; };
		6C0DCC6A293D1FB0001A5EF2 /* DataProduct+CoreDataClass.swift in Sources */ = {isa = PBXBuildFile; fileRef = 6C0DCC68293D1FB0001A5EF2 /* DataProduct+CoreDataClass.swift */; };
		6C0DCC6B293D1FB0001A5EF2 /* DataProduct+CoreDataProperties.swift in Sources */ = {isa = PBXBuildFile; fileRef = 6C0DCC69293D1FB0001A5EF2 /* DataProduct+CoreDataProperties.swift */; };
		6CD163FD295A702E00B963A8 /* MenuViewModel.swift in Sources */ = {isa = PBXBuildFile; fileRef = 6CD163E0295A702E00B963A8 /* MenuViewModel.swift */; };
		6CD163FE295A702E00B963A8 /* MenuTableViewCell.swift in Sources */ = {isa = PBXBuildFile; fileRef = 6CD163E3295A702E00B963A8 /* MenuTableViewCell.swift */; };
		6CD16400295A702E00B963A8 /* MenuModel.swift in Sources */ = {isa = PBXBuildFile; fileRef = 6CD163E7295A702E00B963A8 /* MenuModel.swift */; };
		6CD16401295A702E00B963A8 /* MenuScreenVC.swift in Sources */ = {isa = PBXBuildFile; fileRef = 6CD163E9295A702E00B963A8 /* MenuScreenVC.swift */; };
		6CD16405295A702E00B963A8 /* PrivacyPoliciesView.swift in Sources */ = {isa = PBXBuildFile; fileRef = 6CD163F5295A702E00B963A8 /* PrivacyPoliciesView.swift */; };
		6CD16406295A702E00B963A8 /* PrivacyPoliciesViewController.swift in Sources */ = {isa = PBXBuildFile; fileRef = 6CD163F7295A702E00B963A8 /* PrivacyPoliciesViewController.swift */; };
		6CD1640C295A7A9F00B963A8 /* PrivacyViewModel.swift in Sources */ = {isa = PBXBuildFile; fileRef = 6CD1640B295A7A9F00B963A8 /* PrivacyViewModel.swift */; };
		6CFFA7BA293B9159006DAF62 /* WarningViewModel.swift in Sources */ = {isa = PBXBuildFile; fileRef = 6CFFA7B9293B9159006DAF62 /* WarningViewModel.swift */; };
		6CFFA7C0293BBC64006DAF62 /* TrackingViewModel.swift in Sources */ = {isa = PBXBuildFile; fileRef = 6CFFA7BF293BBC64006DAF62 /* TrackingViewModel.swift */; };
		6CFFA7D3293C38B6006DAF62 /* WarningView.swift in Sources */ = {isa = PBXBuildFile; fileRef = 6CFFA7D2293C38B6006DAF62 /* WarningView.swift */; };
		6CFFA7F1293C59A9006DAF62 /* DetailWarningView.swift in Sources */ = {isa = PBXBuildFile; fileRef = 6CFFA7F0293C59A9006DAF62 /* DetailWarningView.swift */; };
		6CFFA7F3293C59C7006DAF62 /* DetailWarningViewController.swift in Sources */ = {isa = PBXBuildFile; fileRef = 6CFFA7F2293C59C7006DAF62 /* DetailWarningViewController.swift */; };
		6CFFA7F5293C59D6006DAF62 /* DetailWarningViewModel.swift in Sources */ = {isa = PBXBuildFile; fileRef = 6CFFA7F4293C59D6006DAF62 /* DetailWarningViewModel.swift */; };
/* End PBXBuildFile section */

/* Begin PBXFileReference section */
		0918AD4528D6953F00E95DFB /* ProductDetailTableViewCell.swift */ = {isa = PBXFileReference; lastKnownFileType = sourcecode.swift; path = ProductDetailTableViewCell.swift; sourceTree = "<group>"; };
		091EC60B295BD8F2000C4E8C /* Masks.swift */ = {isa = PBXFileReference; lastKnownFileType = sourcecode.swift; path = Masks.swift; sourceTree = "<group>"; };
		0937E43328CFD58400920D18 /* UIResponder+Utils.swift */ = {isa = PBXFileReference; lastKnownFileType = sourcecode.swift; path = "UIResponder+Utils.swift"; sourceTree = "<group>"; };
		093F937E2926DC9C00DA697B /* RastreioBFService.swift */ = {isa = PBXFileReference; lastKnownFileType = sourcecode.swift; path = RastreioBFService.swift; sourceTree = "<group>"; };
		0960A0C6295674E700D2FC37 /* EmptyStateTableViewCell.swift */ = {isa = PBXFileReference; lastKnownFileType = sourcecode.swift; path = EmptyStateTableViewCell.swift; sourceTree = "<group>"; };
		0960A0C8295682E900D2FC37 /* CoreDataStack.swift */ = {isa = PBXFileReference; lastKnownFileType = sourcecode.swift; path = CoreDataStack.swift; sourceTree = "<group>"; };
		096BFC2029489DCC003C1945 /* GenericService.swift */ = {isa = PBXFileReference; lastKnownFileType = sourcecode.swift; path = GenericService.swift; sourceTree = "<group>"; };
		096BFC2329489EC5003C1945 /* RastreioTemplate.json */ = {isa = PBXFileReference; lastKnownFileType = text.json; path = RastreioTemplate.json; sourceTree = "<group>"; };
		096BFC2529489F93003C1945 /* RastreioAPIViewModel.swift */ = {isa = PBXFileReference; lastKnownFileType = sourcecode.swift; path = RastreioAPIViewModel.swift; sourceTree = "<group>"; };
		096BFC2E2948E70E003C1945 /* PackageCell.swift */ = {isa = PBXFileReference; lastKnownFileType = sourcecode.swift; path = PackageCell.swift; sourceTree = "<group>"; };
		096BFC39294EA779003C1945 /* CoreDataManager.swift */ = {isa = PBXFileReference; lastKnownFileType = sourcecode.swift; path = CoreDataManager.swift; sourceTree = "<group>"; };
		09732388291D19A500E44BB7 /* EmailConfirmationProtocols.swift */ = {isa = PBXFileReference; lastKnownFileType = sourcecode.swift; path = EmailConfirmationProtocols.swift; sourceTree = "<group>"; };
		0973238B291D1A3A00E44BB7 /* EmailConfirmationCoordinator.swift */ = {isa = PBXFileReference; lastKnownFileType = sourcecode.swift; path = EmailConfirmationCoordinator.swift; sourceTree = "<group>"; };
		0973238E291D1A6200E44BB7 /* EmailConfirmationViewModel.swift */ = {isa = PBXFileReference; lastKnownFileType = sourcecode.swift; path = EmailConfirmationViewModel.swift; sourceTree = "<group>"; };
		0974F62A28CB77A7004E8716 /* RastreioBF.app */ = {isa = PBXFileReference; explicitFileType = wrapper.application; includeInIndex = 0; path = RastreioBF.app; sourceTree = BUILT_PRODUCTS_DIR; };
		0974F62D28CB77A7004E8716 /* AppDelegate.swift */ = {isa = PBXFileReference; lastKnownFileType = sourcecode.swift; path = AppDelegate.swift; sourceTree = "<group>"; };
		0974F62F28CB77A7004E8716 /* SceneDelegate.swift */ = {isa = PBXFileReference; lastKnownFileType = sourcecode.swift; path = SceneDelegate.swift; sourceTree = "<group>"; };
		0974F63128CB77A7004E8716 /* UITextField+SecureToggle.swift */ = {isa = PBXFileReference; lastKnownFileType = sourcecode.swift; path = "UITextField+SecureToggle.swift"; sourceTree = "<group>"; };
		0974F63628CB77A8004E8716 /* Assets.xcassets */ = {isa = PBXFileReference; lastKnownFileType = folder.assetcatalog; path = Assets.xcassets; sourceTree = "<group>"; };
		0974F63928CB77A8004E8716 /* Base */ = {isa = PBXFileReference; lastKnownFileType = file.storyboard; name = Base; path = Base.lproj/LaunchScreen.storyboard; sourceTree = "<group>"; };
		0974F63B28CB77A8004E8716 /* Info.plist */ = {isa = PBXFileReference; lastKnownFileType = text.plist.xml; path = Info.plist; sourceTree = "<group>"; };
		0974F64228CB7883004E8716 /* loginAnimation.json */ = {isa = PBXFileReference; fileEncoding = 4; lastKnownFileType = text.json; path = loginAnimation.json; sourceTree = "<group>"; };
		0974F64328CB7883004E8716 /* signUpAnimation.json */ = {isa = PBXFileReference; fileEncoding = 4; lastKnownFileType = text.json; path = signUpAnimation.json; sourceTree = "<group>"; };
		0974F64428CB7883004E8716 /* unlocked.json */ = {isa = PBXFileReference; fileEncoding = 4; lastKnownFileType = text.json; path = unlocked.json; sourceTree = "<group>"; };
		098B467428CECA28009D08A4 /* TrackingView.swift */ = {isa = PBXFileReference; lastKnownFileType = sourcecode.swift; path = TrackingView.swift; sourceTree = "<group>"; };
		098B467C28CECB1E009D08A4 /* TrackingViewController.swift */ = {isa = PBXFileReference; lastKnownFileType = sourcecode.swift; path = TrackingViewController.swift; sourceTree = "<group>"; };
		099BCC6228CB7CEF000DFDE6 /* GoogleService-Info.plist */ = {isa = PBXFileReference; fileEncoding = 4; lastKnownFileType = text.plist.xml; path = "GoogleService-Info.plist"; sourceTree = "<group>"; };
		099BCC6528CB80D6000DFDE6 /* Constants.swift */ = {isa = PBXFileReference; lastKnownFileType = sourcecode.swift; path = Constants.swift; sourceTree = "<group>"; };
		099BCC6728CB80EB000DFDE6 /* Bundle+.swift */ = {isa = PBXFileReference; lastKnownFileType = sourcecode.swift; path = "Bundle+.swift"; sourceTree = "<group>"; };
		099BCC6928CB8103000DFDE6 /* String+.swift */ = {isa = PBXFileReference; lastKnownFileType = sourcecode.swift; path = "String+.swift"; sourceTree = "<group>"; };
		099BCC6C28CB8159000DFDE6 /* RastreioBF.strings */ = {isa = PBXFileReference; lastKnownFileType = text.plist.strings; path = RastreioBF.strings; sourceTree = "<group>"; };
		099BCC6E28CB817A000DFDE6 /* LocalizedConstants.swift */ = {isa = PBXFileReference; lastKnownFileType = sourcecode.swift; path = LocalizedConstants.swift; sourceTree = "<group>"; };
		099BCC7128CB81CA000DFDE6 /* Alert.swift */ = {isa = PBXFileReference; lastKnownFileType = sourcecode.swift; path = Alert.swift; sourceTree = "<group>"; };
		099BCC7528CB8231000DFDE6 /* LoginViewController.swift */ = {isa = PBXFileReference; lastKnownFileType = sourcecode.swift; path = LoginViewController.swift; sourceTree = "<group>"; };
		099BCC7828CB8277000DFDE6 /* LoginView.swift */ = {isa = PBXFileReference; lastKnownFileType = sourcecode.swift; path = LoginView.swift; sourceTree = "<group>"; };
		099BCC7C28CB82EF000DFDE6 /* DemoViewController.swift */ = {isa = PBXFileReference; lastKnownFileType = sourcecode.swift; path = DemoViewController.swift; sourceTree = "<group>"; };
		099BCC7F28CB8334000DFDE6 /* OnboardingViewController.swift */ = {isa = PBXFileReference; lastKnownFileType = sourcecode.swift; path = OnboardingViewController.swift; sourceTree = "<group>"; };
		099BCC8428CB83A9000DFDE6 /* EmailConfirmationScreen.swift */ = {isa = PBXFileReference; lastKnownFileType = sourcecode.swift; path = EmailConfirmationScreen.swift; sourceTree = "<group>"; };
		099BCC8628CB83CA000DFDE6 /* EmailConfirmationViewController.swift */ = {isa = PBXFileReference; lastKnownFileType = sourcecode.swift; path = EmailConfirmationViewController.swift; sourceTree = "<group>"; };
		099BCC9828CB89B5000DFDE6 /* SignUpView.swift */ = {isa = PBXFileReference; lastKnownFileType = sourcecode.swift; path = SignUpView.swift; sourceTree = "<group>"; };
		099BCC9A28CB89D3000DFDE6 /* SignUpViewController.swift */ = {isa = PBXFileReference; lastKnownFileType = sourcecode.swift; path = SignUpViewController.swift; sourceTree = "<group>"; };
		099BCC9E28CB8A70000DFDE6 /* MainTabBarController.swift */ = {isa = PBXFileReference; lastKnownFileType = sourcecode.swift; path = MainTabBarController.swift; sourceTree = "<group>"; };
		099BCCAD28CB8BC4000DFDE6 /* WarningViewController.swift */ = {isa = PBXFileReference; lastKnownFileType = sourcecode.swift; path = WarningViewController.swift; sourceTree = "<group>"; };
		09DB4EF9293CDAE9009BA93A /* LoginProtocols.swift */ = {isa = PBXFileReference; lastKnownFileType = sourcecode.swift; path = LoginProtocols.swift; sourceTree = "<group>"; };
		09DB4EFD293CDC91009BA93A /* LoginViewModel.swift */ = {isa = PBXFileReference; lastKnownFileType = sourcecode.swift; path = LoginViewModel.swift; sourceTree = "<group>"; };
		09DB4F00293CEFA2009BA93A /* SignUpProtocols.swift */ = {isa = PBXFileReference; lastKnownFileType = sourcecode.swift; path = SignUpProtocols.swift; sourceTree = "<group>"; };
		09DB4F02293CF0AF009BA93A /* SignUpViewModel.swift */ = {isa = PBXFileReference; lastKnownFileType = sourcecode.swift; path = SignUpViewModel.swift; sourceTree = "<group>"; };
		1FACD7273B5382D4E48D2894 /* Pods-RastreioBF.release.xcconfig */ = {isa = PBXFileReference; includeInIndex = 1; lastKnownFileType = text.xcconfig; name = "Pods-RastreioBF.release.xcconfig"; path = "Target Support Files/Pods-RastreioBF/Pods-RastreioBF.release.xcconfig"; sourceTree = "<group>"; };
		6C0DCC61293D1A28001A5EF2 /* DataModel.xcdatamodel */ = {isa = PBXFileReference; lastKnownFileType = wrapper.xcdatamodel; path = DataModel.xcdatamodel; sourceTree = "<group>"; };
		6C0DCC68293D1FB0001A5EF2 /* DataProduct+CoreDataClass.swift */ = {isa = PBXFileReference; lastKnownFileType = sourcecode.swift; path = "DataProduct+CoreDataClass.swift"; sourceTree = "<group>"; };
		6C0DCC69293D1FB0001A5EF2 /* DataProduct+CoreDataProperties.swift */ = {isa = PBXFileReference; lastKnownFileType = sourcecode.swift; path = "DataProduct+CoreDataProperties.swift"; sourceTree = "<group>"; };
		6CD163E0295A702E00B963A8 /* MenuViewModel.swift */ = {isa = PBXFileReference; fileEncoding = 4; lastKnownFileType = sourcecode.swift; path = MenuViewModel.swift; sourceTree = "<group>"; };
		6CD163E3295A702E00B963A8 /* MenuTableViewCell.swift */ = {isa = PBXFileReference; fileEncoding = 4; lastKnownFileType = sourcecode.swift; path = MenuTableViewCell.swift; sourceTree = "<group>"; };
		6CD163E7295A702E00B963A8 /* MenuModel.swift */ = {isa = PBXFileReference; fileEncoding = 4; lastKnownFileType = sourcecode.swift; path = MenuModel.swift; sourceTree = "<group>"; };
		6CD163E9295A702E00B963A8 /* MenuScreenVC.swift */ = {isa = PBXFileReference; fileEncoding = 4; lastKnownFileType = sourcecode.swift; path = MenuScreenVC.swift; sourceTree = "<group>"; };
		6CD163F5295A702E00B963A8 /* PrivacyPoliciesView.swift */ = {isa = PBXFileReference; fileEncoding = 4; lastKnownFileType = sourcecode.swift; path = PrivacyPoliciesView.swift; sourceTree = "<group>"; };
		6CD163F7295A702E00B963A8 /* PrivacyPoliciesViewController.swift */ = {isa = PBXFileReference; fileEncoding = 4; lastKnownFileType = sourcecode.swift; path = PrivacyPoliciesViewController.swift; sourceTree = "<group>"; };
		6CD1640B295A7A9F00B963A8 /* PrivacyViewModel.swift */ = {isa = PBXFileReference; lastKnownFileType = sourcecode.swift; path = PrivacyViewModel.swift; sourceTree = "<group>"; };
		6CFFA7B9293B9159006DAF62 /* WarningViewModel.swift */ = {isa = PBXFileReference; lastKnownFileType = sourcecode.swift; path = WarningViewModel.swift; sourceTree = "<group>"; };
		6CFFA7BF293BBC64006DAF62 /* TrackingViewModel.swift */ = {isa = PBXFileReference; lastKnownFileType = sourcecode.swift; path = TrackingViewModel.swift; sourceTree = "<group>"; };
		6CFFA7D2293C38B6006DAF62 /* WarningView.swift */ = {isa = PBXFileReference; lastKnownFileType = sourcecode.swift; path = WarningView.swift; sourceTree = "<group>"; };
		6CFFA7F0293C59A9006DAF62 /* DetailWarningView.swift */ = {isa = PBXFileReference; lastKnownFileType = sourcecode.swift; path = DetailWarningView.swift; sourceTree = "<group>"; };
		6CFFA7F2293C59C7006DAF62 /* DetailWarningViewController.swift */ = {isa = PBXFileReference; lastKnownFileType = sourcecode.swift; path = DetailWarningViewController.swift; sourceTree = "<group>"; };
		6CFFA7F4293C59D6006DAF62 /* DetailWarningViewModel.swift */ = {isa = PBXFileReference; lastKnownFileType = sourcecode.swift; path = DetailWarningViewModel.swift; sourceTree = "<group>"; };
		C38BAD05688D0397B8A5D26C /* Pods-RastreioBF.debug.xcconfig */ = {isa = PBXFileReference; includeInIndex = 1; lastKnownFileType = text.xcconfig; name = "Pods-RastreioBF.debug.xcconfig"; path = "Target Support Files/Pods-RastreioBF/Pods-RastreioBF.debug.xcconfig"; sourceTree = "<group>"; };
		F222AA0DAB02B0FA791F1471 /* Pods_RastreioBF.framework */ = {isa = PBXFileReference; explicitFileType = wrapper.framework; includeInIndex = 0; path = Pods_RastreioBF.framework; sourceTree = BUILT_PRODUCTS_DIR; };
/* End PBXFileReference section */

/* Begin PBXFrameworksBuildPhase section */
		0974F62728CB77A6004E8716 /* Frameworks */ = {
			isa = PBXFrameworksBuildPhase;
			buildActionMask = 2147483647;
			files = (
				0FE1F1180BC19C91F504AC14 /* Pods_RastreioBF.framework in Frameworks */,
			);
			runOnlyForDeploymentPostprocessing = 0;
		};
/* End PBXFrameworksBuildPhase section */

/* Begin PBXGroup section */
		090D841A28D33DD900198D69 /* Service */ = {
			isa = PBXGroup;
			children = (
				096BFC2229489E5F003C1945 /* JSON */,
				099BCC6228CB7CEF000DFDE6 /* GoogleService-Info.plist */,
				096BFC2029489DCC003C1945 /* GenericService.swift */,
				093F937E2926DC9C00DA697B /* RastreioBFService.swift */,
			);
			path = Service;
			sourceTree = "<group>";
		};
		0918AD4B28D6970E00E95DFB /* ViewController */ = {
			isa = PBXGroup;
			children = (
				099BCCAD28CB8BC4000DFDE6 /* WarningViewController.swift */,
			);
			path = ViewController;
			sourceTree = "<group>";
		};
		091EC60A295BD423000C4E8C /* Lotties */ = {
			isa = PBXGroup;
			children = (
				0974F64228CB7883004E8716 /* loginAnimation.json */,
				0974F64328CB7883004E8716 /* signUpAnimation.json */,
				0974F64428CB7883004E8716 /* unlocked.json */,
			);
			name = Lotties;
			sourceTree = "<group>";
		};
		0924A6A729553DA5007802AF /* EmptyStateCell */ = {
			isa = PBXGroup;
			children = (
				0960A0C6295674E700D2FC37 /* EmptyStateTableViewCell.swift */,
			);
			path = EmptyStateCell;
			sourceTree = "<group>";
		};
		0924A6AB29553E31007802AF /* Cells */ = {
			isa = PBXGroup;
			children = (
				0924A6A729553DA5007802AF /* EmptyStateCell */,
				096BFC2C2948E6B8003C1945 /* PackageCell */,
				096CA8E328D5525A00C459B0 /* ProductDetailCell */,
			);
			path = Cells;
			sourceTree = "<group>";
		};
		094E246428CE6D5900C6DDC8 /* ViewController */ = {
			isa = PBXGroup;
			children = (
				098B467C28CECB1E009D08A4 /* TrackingViewController.swift */,
			);
			name = ViewController;
			sourceTree = "<group>";
		};
		094E246528CE6D6200C6DDC8 /* View */ = {
			isa = PBXGroup;
			children = (
				098B467428CECA28009D08A4 /* TrackingView.swift */,
			);
			path = View;
			sourceTree = "<group>";
		};
		094E246828CE718D00C6DDC8 /* Tracking */ = {
			isa = PBXGroup;
			children = (
				094E246528CE6D6200C6DDC8 /* View */,
				094E246428CE6D5900C6DDC8 /* ViewController */,
				6CFFA7BE293BBC52006DAF62 /* ViewModel */,
			);
			name = Tracking;
			path = ViewController;
			sourceTree = "<group>";
		};
		0960A0D029595E4100D2FC37 /* Helpers */ = {
			isa = PBXGroup;
			children = (
				0974F63128CB77A7004E8716 /* UITextField+SecureToggle.swift */,
				0937E43328CFD58400920D18 /* UIResponder+Utils.swift */,
				091EC60B295BD8F2000C4E8C /* Masks.swift */,
			);
			name = Helpers;
			sourceTree = "<group>";
		};
		0960A0D129595E7000D2FC37 /* Resources */ = {
			isa = PBXGroup;
			children = (
				0974F64128CB786D004E8716 /* Assets */,
				0974F62D28CB77A7004E8716 /* AppDelegate.swift */,
				0974F62F28CB77A7004E8716 /* SceneDelegate.swift */,
			);
			name = Resources;
			sourceTree = "<group>";
		};
		096BFC2229489E5F003C1945 /* JSON */ = {
			isa = PBXGroup;
			children = (
				096BFC2329489EC5003C1945 /* RastreioTemplate.json */,
				096BFC2529489F93003C1945 /* RastreioAPIViewModel.swift */,
			);
			path = JSON;
			sourceTree = "<group>";
		};
		096BFC2C2948E6B8003C1945 /* PackageCell */ = {
			isa = PBXGroup;
			children = (
				096BFC2E2948E70E003C1945 /* PackageCell.swift */,
			);
			name = PackageCell;
			path = ../..;
			sourceTree = "<group>";
		};
		096CA8E328D5525A00C459B0 /* ProductDetailCell */ = {
			isa = PBXGroup;
			children = (
				0918AD4528D6953F00E95DFB /* ProductDetailTableViewCell.swift */,
			);
			path = ProductDetailCell;
			sourceTree = "<group>";
		};
		0973238A291D19C300E44BB7 /* Protocols */ = {
			isa = PBXGroup;
			children = (
				09732388291D19A500E44BB7 /* EmailConfirmationProtocols.swift */,
			);
			path = Protocols;
			sourceTree = "<group>";
		};
		0973238D291D1A4400E44BB7 /* Coordinator */ = {
			isa = PBXGroup;
			children = (
				0973238B291D1A3A00E44BB7 /* EmailConfirmationCoordinator.swift */,
			);
			path = Coordinator;
			sourceTree = "<group>";
		};
		09732390291D1A6A00E44BB7 /* ViewModel */ = {
			isa = PBXGroup;
			children = (
				0973238E291D1A6200E44BB7 /* EmailConfirmationViewModel.swift */,
			);
			path = ViewModel;
			sourceTree = "<group>";
		};
		0974F62128CB77A6004E8716 = {
			isa = PBXGroup;
			children = (
				0974F62C28CB77A7004E8716 /* RastreioBF */,
				0974F62B28CB77A7004E8716 /* Products */,
				582E715F33F688473BE0CC9E /* Pods */,
				DB7925137208B5B50DDFDD5D /* Frameworks */,
			);
			sourceTree = "<group>";
		};
		0974F62B28CB77A7004E8716 /* Products */ = {
			isa = PBXGroup;
			children = (
				0974F62A28CB77A7004E8716 /* RastreioBF.app */,
			);
			name = Products;
			sourceTree = "<group>";
		};
		0974F62C28CB77A7004E8716 /* RastreioBF */ = {
			isa = PBXGroup;
			children = (
				6C0DCC63293D1EB2001A5EF2 /* Data */,
				090D841A28D33DD900198D69 /* Service */,
				0960A0D129595E7000D2FC37 /* Resources */,
				0960A0D029595E4100D2FC37 /* Helpers */,
				099BCC9028CB877E000DFDE6 /* LocalizedStrings */,
				099BCC9228CB881B000DFDE6 /* Scenes */,
				0974F63828CB77A8004E8716 /* LaunchScreen.storyboard */,
				0974F63B28CB77A8004E8716 /* Info.plist */,
			);
			path = RastreioBF;
			sourceTree = "<group>";
		};
		0974F64128CB786D004E8716 /* Assets */ = {
			isa = PBXGroup;
			children = (
				0974F63628CB77A8004E8716 /* Assets.xcassets */,
				091EC60A295BD423000C4E8C /* Lotties */,
			);
			name = Assets;
			sourceTree = "<group>";
		};
		099BCC7028CB81AA000DFDE6 /* Alert */ = {
			isa = PBXGroup;
			children = (
				099BCC7128CB81CA000DFDE6 /* Alert.swift */,
			);
			path = Alert;
			sourceTree = "<group>";
		};
		099BCC7428CB8216000DFDE6 /* ViewController */ = {
			isa = PBXGroup;
			children = (
				099BCC7528CB8231000DFDE6 /* LoginViewController.swift */,
			);
			path = ViewController;
			sourceTree = "<group>";
		};
		099BCC7B28CB82D8000DFDE6 /* Demo */ = {
			isa = PBXGroup;
			children = (
				099BCC7C28CB82EF000DFDE6 /* DemoViewController.swift */,
			);
			path = Demo;
			sourceTree = "<group>";
		};
		099BCC8128CB835A000DFDE6 /* ResetPassword */ = {
			isa = PBXGroup;
			children = (
				0973238D291D1A4400E44BB7 /* Coordinator */,
				0973238A291D19C300E44BB7 /* Protocols */,
				099BCC9728CB8928000DFDE6 /* View */,
				099BCC8328CB837C000DFDE6 /* ViewController */,
				09732390291D1A6A00E44BB7 /* ViewModel */,
			);
			path = ResetPassword;
			sourceTree = "<group>";
		};
		099BCC8328CB837C000DFDE6 /* ViewController */ = {
			isa = PBXGroup;
			children = (
				099BCC8628CB83CA000DFDE6 /* EmailConfirmationViewController.swift */,
			);
			path = ViewController;
			sourceTree = "<group>";
		};
		099BCC8A28CB86E8000DFDE6 /* SignUp */ = {
			isa = PBXGroup;
			children = (
				09DB4EFF293CEF86009BA93A /* Protocols */,
				099BCC8C28CB8708000DFDE6 /* View */,
				099BCC8E28CB8742000DFDE6 /* ViewController */,
				09DB4F04293CF0B7009BA93A /* ViewModel */,
			);
			path = SignUp;
			sourceTree = "<group>";
		};
		099BCC8C28CB8708000DFDE6 /* View */ = {
			isa = PBXGroup;
			children = (
				099BCC9828CB89B5000DFDE6 /* SignUpView.swift */,
			);
			path = View;
			sourceTree = "<group>";
		};
		099BCC8E28CB8742000DFDE6 /* ViewController */ = {
			isa = PBXGroup;
			children = (
				099BCC9A28CB89D3000DFDE6 /* SignUpViewController.swift */,
			);
			path = ViewController;
			sourceTree = "<group>";
		};
		099BCC9028CB877E000DFDE6 /* LocalizedStrings */ = {
			isa = PBXGroup;
			children = (
				099BCC6528CB80D6000DFDE6 /* Constants.swift */,
				099BCC6728CB80EB000DFDE6 /* Bundle+.swift */,
				099BCC6928CB8103000DFDE6 /* String+.swift */,
				099BCC6C28CB8159000DFDE6 /* RastreioBF.strings */,
				099BCC6E28CB817A000DFDE6 /* LocalizedConstants.swift */,
			);
			path = LocalizedStrings;
			sourceTree = "<group>";
		};
		099BCC9228CB881B000DFDE6 /* Scenes */ = {
			isa = PBXGroup;
			children = (
				099BCC7028CB81AA000DFDE6 /* Alert */,
				099BCC9328CB887C000DFDE6 /* Login */,
				099BCC9528CB88B7000DFDE6 /* Onboard */,
				099BCC8128CB835A000DFDE6 /* ResetPassword */,
				099BCC8A28CB86E8000DFDE6 /* SignUp */,
				099BCC9C28CB8A10000DFDE6 /* TabBar */,
			);
			path = Scenes;
			sourceTree = "<group>";
		};
		099BCC9328CB887C000DFDE6 /* Login */ = {
			isa = PBXGroup;
			children = (
				09DB4EFC293CDC75009BA93A /* ViewModel */,
				099BCC9428CB889D000DFDE6 /* View */,
				099BCC7428CB8216000DFDE6 /* ViewController */,
				09DB4EFB293CDAF1009BA93A /* Protocols */,
			);
			path = Login;
			sourceTree = "<group>";
		};
		099BCC9428CB889D000DFDE6 /* View */ = {
			isa = PBXGroup;
			children = (
				099BCC7828CB8277000DFDE6 /* LoginView.swift */,
			);
			path = View;
			sourceTree = "<group>";
		};
		099BCC9528CB88B7000DFDE6 /* Onboard */ = {
			isa = PBXGroup;
			children = (
				099BCC7B28CB82D8000DFDE6 /* Demo */,
				099BCC9628CB88F2000DFDE6 /* ViewController */,
			);
			path = Onboard;
			sourceTree = "<group>";
		};
		099BCC9628CB88F2000DFDE6 /* ViewController */ = {
			isa = PBXGroup;
			children = (
				099BCC7F28CB8334000DFDE6 /* OnboardingViewController.swift */,
			);
			path = ViewController;
			sourceTree = "<group>";
		};
		099BCC9728CB8928000DFDE6 /* View */ = {
			isa = PBXGroup;
			children = (
				099BCC8428CB83A9000DFDE6 /* EmailConfirmationScreen.swift */,
			);
			path = View;
			sourceTree = "<group>";
		};
		099BCC9C28CB8A10000DFDE6 /* TabBar */ = {
			isa = PBXGroup;
			children = (
				0924A6AB29553E31007802AF /* Cells */,
				099BCC9D28CB8A20000DFDE6 /* MainTabBar */,
				099BCCA328CB8AE5000DFDE6 /* Home */,
				099BCCAC28CB8BAD000DFDE6 /* Warning */,
				6CFFA7D4293C5866006DAF62 /* DetailVC */,
				6CD163DE295A702E00B963A8 /* Menu */,
			);
			path = TabBar;
			sourceTree = "<group>";
		};
		099BCC9D28CB8A20000DFDE6 /* MainTabBar */ = {
			isa = PBXGroup;
			children = (
				6CFFA7C5293BFFCF006DAF62 /* ViewController */,
			);
			path = MainTabBar;
			sourceTree = "<group>";
		};
		099BCCA328CB8AE5000DFDE6 /* Home */ = {
			isa = PBXGroup;
			children = (
				094E246828CE718D00C6DDC8 /* Tracking */,
			);
			path = Home;
			sourceTree = "<group>";
		};
		099BCCAC28CB8BAD000DFDE6 /* Warning */ = {
			isa = PBXGroup;
			children = (
				6CFFA7D1293C3895006DAF62 /* View */,
				0918AD4B28D6970E00E95DFB /* ViewController */,
				6CFFA7B8293B9122006DAF62 /* ViewModel */,
			);
			path = Warning;
			sourceTree = "<group>";
		};
		09DB4EFB293CDAF1009BA93A /* Protocols */ = {
			isa = PBXGroup;
			children = (
				09DB4EF9293CDAE9009BA93A /* LoginProtocols.swift */,
			);
			path = Protocols;
			sourceTree = "<group>";
		};
		09DB4EFC293CDC75009BA93A /* ViewModel */ = {
			isa = PBXGroup;
			children = (
				09DB4EFD293CDC91009BA93A /* LoginViewModel.swift */,
			);
			name = ViewModel;
			sourceTree = "<group>";
		};
		09DB4EFF293CEF86009BA93A /* Protocols */ = {
			isa = PBXGroup;
			children = (
				09DB4F00293CEFA2009BA93A /* SignUpProtocols.swift */,
			);
			path = Protocols;
			sourceTree = "<group>";
		};
		09DB4F04293CF0B7009BA93A /* ViewModel */ = {
			isa = PBXGroup;
			children = (
				09DB4F02293CF0AF009BA93A /* SignUpViewModel.swift */,
			);
			path = ViewModel;
			sourceTree = "<group>";
		};
		582E715F33F688473BE0CC9E /* Pods */ = {
			isa = PBXGroup;
			children = (
				C38BAD05688D0397B8A5D26C /* Pods-RastreioBF.debug.xcconfig */,
				1FACD7273B5382D4E48D2894 /* Pods-RastreioBF.release.xcconfig */,
			);
			path = Pods;
			sourceTree = "<group>";
		};
		6C0DCC63293D1EB2001A5EF2 /* Data */ = {
			isa = PBXGroup;
			children = (
				6C0DCC68293D1FB0001A5EF2 /* DataProduct+CoreDataClass.swift */,
				6C0DCC69293D1FB0001A5EF2 /* DataProduct+CoreDataProperties.swift */,
				096BFC39294EA779003C1945 /* CoreDataManager.swift */,
				0960A0C8295682E900D2FC37 /* CoreDataStack.swift */,
				6C0DCC60293D1A28001A5EF2 /* DataProduct.xcdatamodeld */,
			);
			path = Data;
			sourceTree = "<group>";
		};
		6CD163DE295A702E00B963A8 /* Menu */ = {
			isa = PBXGroup;
			children = (
				6CD163E8295A702E00B963A8 /* View */,
				6CD163E6295A702E00B963A8 /* Model */,
				6CD163DF295A702E00B963A8 /* ViewModel */,
				6CD163E1295A702E00B963A8 /* Cell */,
				6CD163EA295A702E00B963A8 /* PrivacyGroup */,
			);
			path = Menu;
			sourceTree = "<group>";
		};
		6CD163DF295A702E00B963A8 /* ViewModel */ = {
			isa = PBXGroup;
			children = (
				6CD163E0295A702E00B963A8 /* MenuViewModel.swift */,
			);
			path = ViewModel;
			sourceTree = "<group>";
		};
		6CD163E1295A702E00B963A8 /* Cell */ = {
			isa = PBXGroup;
			children = (
				6CD163E2295A702E00B963A8 /* MenuCell */,
			);
			path = Cell;
			sourceTree = "<group>";
		};
		6CD163E2295A702E00B963A8 /* MenuCell */ = {
			isa = PBXGroup;
			children = (
				6CD163E3295A702E00B963A8 /* MenuTableViewCell.swift */,
			);
			path = MenuCell;
			sourceTree = "<group>";
		};
		6CD163E6295A702E00B963A8 /* Model */ = {
			isa = PBXGroup;
			children = (
				6CD163E7295A702E00B963A8 /* MenuModel.swift */,
			);
			path = Model;
			sourceTree = "<group>";
		};
		6CD163E8295A702E00B963A8 /* View */ = {
			isa = PBXGroup;
			children = (
				6CD163E9295A702E00B963A8 /* MenuScreenVC.swift */,
			);
			path = View;
			sourceTree = "<group>";
		};
		6CD163EA295A702E00B963A8 /* PrivacyGroup */ = {
			isa = PBXGroup;
			children = (
				6CD163F3295A702E00B963A8 /* PrivacyPolicies */,
			);
			path = PrivacyGroup;
			sourceTree = "<group>";
		};
		6CD163F3295A702E00B963A8 /* PrivacyPolicies */ = {
			isa = PBXGroup;
			children = (
				6CD163F4295A702E00B963A8 /* View */,
				6CD163F6295A702E00B963A8 /* ViewController */,
				6CD16409295A7A0600B963A8 /* ViewModel */,
			);
			path = PrivacyPolicies;
			sourceTree = "<group>";
		};
		6CD163F4295A702E00B963A8 /* View */ = {
			isa = PBXGroup;
			children = (
				6CD163F5295A702E00B963A8 /* PrivacyPoliciesView.swift */,
			);
			path = View;
			sourceTree = "<group>";
		};
		6CD163F6295A702E00B963A8 /* ViewController */ = {
			isa = PBXGroup;
			children = (
				6CD163F7295A702E00B963A8 /* PrivacyPoliciesViewController.swift */,
			);
			path = ViewController;
			sourceTree = "<group>";
		};
		6CD16409295A7A0600B963A8 /* ViewModel */ = {
			isa = PBXGroup;
			children = (
				6CD1640B295A7A9F00B963A8 /* PrivacyViewModel.swift */,
			);
			path = ViewModel;
			sourceTree = "<group>";
		};
		6CFFA7B8293B9122006DAF62 /* ViewModel */ = {
			isa = PBXGroup;
			children = (
				6CFFA7B9293B9159006DAF62 /* WarningViewModel.swift */,
			);
			path = ViewModel;
			sourceTree = "<group>";
		};
		6CFFA7BE293BBC52006DAF62 /* ViewModel */ = {
			isa = PBXGroup;
			children = (
				6CFFA7BF293BBC64006DAF62 /* TrackingViewModel.swift */,
			);
			name = ViewModel;
			sourceTree = "<group>";
		};
		6CFFA7C5293BFFCF006DAF62 /* ViewController */ = {
			isa = PBXGroup;
			children = (
				099BCC9E28CB8A70000DFDE6 /* MainTabBarController.swift */,
			);
			path = ViewController;
			sourceTree = "<group>";
		};
		6CFFA7D1293C3895006DAF62 /* View */ = {
			isa = PBXGroup;
			children = (
				6CFFA7D2293C38B6006DAF62 /* WarningView.swift */,
			);
			name = View;
			sourceTree = "<group>";
		};
		6CFFA7D4293C5866006DAF62 /* DetailVC */ = {
			isa = PBXGroup;
			children = (
				6CFFA7D5293C5866006DAF62 /* View */,
				6CFFA7D7293C5866006DAF62 /* ViewController */,
				6CFFA7D9293C5866006DAF62 /* ViewModel */,
			);
			path = DetailVC;
			sourceTree = "<group>";
		};
		6CFFA7D5293C5866006DAF62 /* View */ = {
			isa = PBXGroup;
			children = (
				6CFFA7F0293C59A9006DAF62 /* DetailWarningView.swift */,
			);
			path = View;
			sourceTree = "<group>";
		};
		6CFFA7D7293C5866006DAF62 /* ViewController */ = {
			isa = PBXGroup;
			children = (
				6CFFA7F2293C59C7006DAF62 /* DetailWarningViewController.swift */,
			);
			path = ViewController;
			sourceTree = "<group>";
		};
		6CFFA7D9293C5866006DAF62 /* ViewModel */ = {
			isa = PBXGroup;
			children = (
				6CFFA7F4293C59D6006DAF62 /* DetailWarningViewModel.swift */,
			);
			path = ViewModel;
			sourceTree = "<group>";
		};
		DB7925137208B5B50DDFDD5D /* Frameworks */ = {
			isa = PBXGroup;
			children = (
				F222AA0DAB02B0FA791F1471 /* Pods_RastreioBF.framework */,
			);
			name = Frameworks;
			sourceTree = "<group>";
		};
/* End PBXGroup section */

/* Begin PBXNativeTarget section */
		0974F62928CB77A6004E8716 /* RastreioBF */ = {
			isa = PBXNativeTarget;
			buildConfigurationList = 0974F63E28CB77A8004E8716 /* Build configuration list for PBXNativeTarget "RastreioBF" */;
			buildPhases = (
				18EE8682BD6ADE5A7FEC10F0 /* [CP] Check Pods Manifest.lock */,
				0974F62628CB77A6004E8716 /* Sources */,
				0974F62728CB77A6004E8716 /* Frameworks */,
				0974F62828CB77A6004E8716 /* Resources */,
				66A6C79AE50BE521BCA70A6F /* [CP] Embed Pods Frameworks */,
			);
			buildRules = (
			);
			dependencies = (
			);
			name = RastreioBF;
			productName = RastreioBF;
			productReference = 0974F62A28CB77A7004E8716 /* RastreioBF.app */;
			productType = "com.apple.product-type.application";
		};
/* End PBXNativeTarget section */

/* Begin PBXProject section */
		0974F62228CB77A6004E8716 /* Project object */ = {
			isa = PBXProject;
			attributes = {
				BuildIndependentTargetsInParallel = 1;
				LastSwiftUpdateCheck = 1340;
				LastUpgradeCheck = 1340;
				TargetAttributes = {
					0974F62928CB77A6004E8716 = {
						CreatedOnToolsVersion = 13.4.1;
					};
				};
			};
			buildConfigurationList = 0974F62528CB77A6004E8716 /* Build configuration list for PBXProject "RastreioBF" */;
			compatibilityVersion = "Xcode 13.0";
			developmentRegion = en;
			hasScannedForEncodings = 0;
			knownRegions = (
				en,
				Base,
			);
			mainGroup = 0974F62128CB77A6004E8716;
			productRefGroup = 0974F62B28CB77A7004E8716 /* Products */;
			projectDirPath = "";
			projectRoot = "";
			targets = (
				0974F62928CB77A6004E8716 /* RastreioBF */,
			);
		};
/* End PBXProject section */

/* Begin PBXResourcesBuildPhase section */
		0974F62828CB77A6004E8716 /* Resources */ = {
			isa = PBXResourcesBuildPhase;
			buildActionMask = 2147483647;
			files = (
				0974F63A28CB77A8004E8716 /* LaunchScreen.storyboard in Resources */,
				099BCC6D28CB8159000DFDE6 /* RastreioBF.strings in Resources */,
				0974F64528CB7883004E8716 /* loginAnimation.json in Resources */,
				099BCC6328CB7CEF000DFDE6 /* GoogleService-Info.plist in Resources */,
				0974F64628CB7883004E8716 /* signUpAnimation.json in Resources */,
				096BFC2429489EC5003C1945 /* RastreioTemplate.json in Resources */,
				0974F64728CB7883004E8716 /* unlocked.json in Resources */,
				0974F63728CB77A8004E8716 /* Assets.xcassets in Resources */,
			);
			runOnlyForDeploymentPostprocessing = 0;
		};
/* End PBXResourcesBuildPhase section */

/* Begin PBXShellScriptBuildPhase section */
		18EE8682BD6ADE5A7FEC10F0 /* [CP] Check Pods Manifest.lock */ = {
			isa = PBXShellScriptBuildPhase;
			buildActionMask = 2147483647;
			files = (
			);
			inputFileListPaths = (
			);
			inputPaths = (
				"${PODS_PODFILE_DIR_PATH}/Podfile.lock",
				"${PODS_ROOT}/Manifest.lock",
			);
			name = "[CP] Check Pods Manifest.lock";
			outputFileListPaths = (
			);
			outputPaths = (
				"$(DERIVED_FILE_DIR)/Pods-RastreioBF-checkManifestLockResult.txt",
			);
			runOnlyForDeploymentPostprocessing = 0;
			shellPath = /bin/sh;
			shellScript = "diff \"${PODS_PODFILE_DIR_PATH}/Podfile.lock\" \"${PODS_ROOT}/Manifest.lock\" > /dev/null\nif [ $? != 0 ] ; then\n    # print error to STDERR\n    echo \"error: The sandbox is not in sync with the Podfile.lock. Run 'pod install' or update your CocoaPods installation.\" >&2\n    exit 1\nfi\n# This output is used by Xcode 'outputs' to avoid re-running this script phase.\necho \"SUCCESS\" > \"${SCRIPT_OUTPUT_FILE_0}\"\n";
			showEnvVarsInLog = 0;
		};
		66A6C79AE50BE521BCA70A6F /* [CP] Embed Pods Frameworks */ = {
			isa = PBXShellScriptBuildPhase;
			buildActionMask = 2147483647;
			files = (
			);
			inputFileListPaths = (
				"${PODS_ROOT}/Target Support Files/Pods-RastreioBF/Pods-RastreioBF-frameworks-${CONFIGURATION}-input-files.xcfilelist",
			);
			name = "[CP] Embed Pods Frameworks";
			outputFileListPaths = (
				"${PODS_ROOT}/Target Support Files/Pods-RastreioBF/Pods-RastreioBF-frameworks-${CONFIGURATION}-output-files.xcfilelist",
			);
			runOnlyForDeploymentPostprocessing = 0;
			shellPath = /bin/sh;
			shellScript = "\"${PODS_ROOT}/Target Support Files/Pods-RastreioBF/Pods-RastreioBF-frameworks.sh\"\n";
			showEnvVarsInLog = 0;
		};
/* End PBXShellScriptBuildPhase section */

/* Begin PBXSourcesBuildPhase section */
		0974F62628CB77A6004E8716 /* Sources */ = {
			isa = PBXSourcesBuildPhase;
			buildActionMask = 2147483647;
			files = (
				09732389291D19A500E44BB7 /* EmailConfirmationProtocols.swift in Sources */,
				099BCC7628CB8231000DFDE6 /* LoginViewController.swift in Sources */,
				099BCC6F28CB817A000DFDE6 /* LocalizedConstants.swift in Sources */,
				098B467528CECA28009D08A4 /* TrackingView.swift in Sources */,
				0960A0C9295682E900D2FC37 /* CoreDataStack.swift in Sources */,
				0974F63228CB77A7004E8716 /* UITextField+SecureToggle.swift in Sources */,
				099BCC7928CB8277000DFDE6 /* LoginView.swift in Sources */,
				096BFC2F2948E70E003C1945 /* PackageCell.swift in Sources */,
				09DB4F01293CEFA2009BA93A /* SignUpProtocols.swift in Sources */,
				096BFC2629489F93003C1945 /* RastreioAPIViewModel.swift in Sources */,
				099BCC8528CB83A9000DFDE6 /* EmailConfirmationScreen.swift in Sources */,
				6CFFA7C0293BBC64006DAF62 /* TrackingViewModel.swift in Sources */,
				099BCC8528CB83A9000DFDE6 /* EmailConfirmationScreen.swift in Sources */,
				6C0DCC6A293D1FB0001A5EF2 /* DataProduct+CoreDataClass.swift in Sources */,
				096BFC2129489DCC003C1945 /* GenericService.swift in Sources */,
				6CFFA7F3293C59C7006DAF62 /* DetailWarningViewController.swift in Sources */,
				6CD16406295A702E00B963A8 /* PrivacyPoliciesViewController.swift in Sources */,
				099BCC9928CB89B5000DFDE6 /* SignUpView.swift in Sources */,
				6C0DCC62293D1A28001A5EF2 /* DataProduct.xcdatamodeld in Sources */,
				0974F62E28CB77A7004E8716 /* AppDelegate.swift in Sources */,
				0973238F291D1A6200E44BB7 /* EmailConfirmationViewModel.swift in Sources */,
				0918AD4628D6953F00E95DFB /* ProductDetailTableViewCell.swift in Sources */,
				099BCC7D28CB82EF000DFDE6 /* DemoViewController.swift in Sources */,
				6CD163FD295A702E00B963A8 /* MenuViewModel.swift in Sources */,
				6CFFA7F5293C59D6006DAF62 /* DetailWarningViewModel.swift in Sources */,
				096BFC3A294EA779003C1945 /* CoreDataManager.swift in Sources */,
				0974F63028CB77A7004E8716 /* SceneDelegate.swift in Sources */,
				6CD16400295A702E00B963A8 /* MenuModel.swift in Sources */,
				09DB4EFA293CDAE9009BA93A /* LoginProtocols.swift in Sources */,
				099BCC8028CB8334000DFDE6 /* OnboardingViewController.swift in Sources */,
				0973238C291D1A3A00E44BB7 /* EmailConfirmationCoordinator.swift in Sources */,
				09DB4F03293CF0AF009BA93A /* SignUpViewModel.swift in Sources */,
				6C0DCC6B293D1FB0001A5EF2 /* DataProduct+CoreDataProperties.swift in Sources */,
				6CD163FE295A702E00B963A8 /* MenuTableViewCell.swift in Sources */,
				099BCC8028CB8334000DFDE6 /* OnboardingViewController.swift in Sources */,
				099BCC9B28CB89D3000DFDE6 /* SignUpViewController.swift in Sources */,
				099BCCAE28CB8BC4000DFDE6 /* WarningViewController.swift in Sources */,
				091EC60C295BD8F2000C4E8C /* Masks.swift in Sources */,
				0960A0C7295674E700D2FC37 /* EmptyStateTableViewCell.swift in Sources */,
				6CD1640C295A7A9F00B963A8 /* PrivacyViewModel.swift in Sources */,
				099BCC6628CB80D6000DFDE6 /* Constants.swift in Sources */,
				099BCC6A28CB8103000DFDE6 /* String+.swift in Sources */,
				099BCC7228CB81CA000DFDE6 /* Alert.swift in Sources */,
				3A163B0329117046005A93AA /* (null) in Sources */,
				6CFFA7BA293B9159006DAF62 /* WarningViewModel.swift in Sources */,
				099BCC8728CB83CA000DFDE6 /* EmailConfirmationViewController.swift in Sources */,
				09DB4EFE293CDC91009BA93A /* LoginViewModel.swift in Sources */,
				098B467D28CECB1E009D08A4 /* TrackingViewController.swift in Sources */,
				099BCC6828CB80EB000DFDE6 /* Bundle+.swift in Sources */,
				6CFFA7D3293C38B6006DAF62 /* WarningView.swift in Sources */,
				0937E43428CFD58400920D18 /* UIResponder+Utils.swift in Sources */,
				093F937F2926DC9C00DA697B /* RastreioBFService.swift in Sources */,
				099BCC9F28CB8A70000DFDE6 /* MainTabBarController.swift in Sources */,
				099BCC9F28CB8A70000DFDE6 /* MainTabBarController.swift in Sources */,
				6CD16405295A702E00B963A8 /* PrivacyPoliciesView.swift in Sources */,
				6CFFA7F1293C59A9006DAF62 /* DetailWarningView.swift in Sources */,
				6CD16401295A702E00B963A8 /* MenuScreenVC.swift in Sources */,
			);
			runOnlyForDeploymentPostprocessing = 0;
		};
/* End PBXSourcesBuildPhase section */

/* Begin PBXVariantGroup section */
		0974F63828CB77A8004E8716 /* LaunchScreen.storyboard */ = {
			isa = PBXVariantGroup;
			children = (
				0974F63928CB77A8004E8716 /* Base */,
			);
			name = LaunchScreen.storyboard;
			sourceTree = "<group>";
		};
/* End PBXVariantGroup section */

/* Begin XCBuildConfiguration section */
		0974F63C28CB77A8004E8716 /* Debug */ = {
			isa = XCBuildConfiguration;
			buildSettings = {
				ALWAYS_SEARCH_USER_PATHS = NO;
				CLANG_ANALYZER_NONNULL = YES;
				CLANG_ANALYZER_NUMBER_OBJECT_CONVERSION = YES_AGGRESSIVE;
				CLANG_CXX_LANGUAGE_STANDARD = "gnu++17";
				CLANG_ENABLE_MODULES = YES;
				CLANG_ENABLE_OBJC_ARC = YES;
				CLANG_ENABLE_OBJC_WEAK = YES;
				CLANG_WARN_BLOCK_CAPTURE_AUTORELEASING = YES;
				CLANG_WARN_BOOL_CONVERSION = YES;
				CLANG_WARN_COMMA = YES;
				CLANG_WARN_CONSTANT_CONVERSION = YES;
				CLANG_WARN_DEPRECATED_OBJC_IMPLEMENTATIONS = YES;
				CLANG_WARN_DIRECT_OBJC_ISA_USAGE = YES_ERROR;
				CLANG_WARN_DOCUMENTATION_COMMENTS = YES;
				CLANG_WARN_EMPTY_BODY = YES;
				CLANG_WARN_ENUM_CONVERSION = YES;
				CLANG_WARN_INFINITE_RECURSION = YES;
				CLANG_WARN_INT_CONVERSION = YES;
				CLANG_WARN_NON_LITERAL_NULL_CONVERSION = YES;
				CLANG_WARN_OBJC_IMPLICIT_RETAIN_SELF = YES;
				CLANG_WARN_OBJC_LITERAL_CONVERSION = YES;
				CLANG_WARN_OBJC_ROOT_CLASS = YES_ERROR;
				CLANG_WARN_QUOTED_INCLUDE_IN_FRAMEWORK_HEADER = YES;
				CLANG_WARN_RANGE_LOOP_ANALYSIS = YES;
				CLANG_WARN_STRICT_PROTOTYPES = YES;
				CLANG_WARN_SUSPICIOUS_MOVE = YES;
				CLANG_WARN_UNGUARDED_AVAILABILITY = YES_AGGRESSIVE;
				CLANG_WARN_UNREACHABLE_CODE = YES;
				CLANG_WARN__DUPLICATE_METHOD_MATCH = YES;
				COPY_PHASE_STRIP = NO;
				DEBUG_INFORMATION_FORMAT = dwarf;
				ENABLE_STRICT_OBJC_MSGSEND = YES;
				ENABLE_TESTABILITY = YES;
				GCC_C_LANGUAGE_STANDARD = gnu11;
				GCC_DYNAMIC_NO_PIC = NO;
				GCC_NO_COMMON_BLOCKS = YES;
				GCC_OPTIMIZATION_LEVEL = 0;
				GCC_PREPROCESSOR_DEFINITIONS = (
					"DEBUG=1",
					"$(inherited)",
				);
				GCC_WARN_64_TO_32_BIT_CONVERSION = YES;
				GCC_WARN_ABOUT_RETURN_TYPE = YES_ERROR;
				GCC_WARN_UNDECLARED_SELECTOR = YES;
				GCC_WARN_UNINITIALIZED_AUTOS = YES_AGGRESSIVE;
				GCC_WARN_UNUSED_FUNCTION = YES;
				GCC_WARN_UNUSED_VARIABLE = YES;
				IPHONEOS_DEPLOYMENT_TARGET = 15.5;
				MTL_ENABLE_DEBUG_INFO = INCLUDE_SOURCE;
				MTL_FAST_MATH = YES;
				ONLY_ACTIVE_ARCH = YES;
				SDKROOT = iphoneos;
				SWIFT_ACTIVE_COMPILATION_CONDITIONS = DEBUG;
				SWIFT_OPTIMIZATION_LEVEL = "-Onone";
			};
			name = Debug;
		};
		0974F63D28CB77A8004E8716 /* Release */ = {
			isa = XCBuildConfiguration;
			buildSettings = {
				ALWAYS_SEARCH_USER_PATHS = NO;
				CLANG_ANALYZER_NONNULL = YES;
				CLANG_ANALYZER_NUMBER_OBJECT_CONVERSION = YES_AGGRESSIVE;
				CLANG_CXX_LANGUAGE_STANDARD = "gnu++17";
				CLANG_ENABLE_MODULES = YES;
				CLANG_ENABLE_OBJC_ARC = YES;
				CLANG_ENABLE_OBJC_WEAK = YES;
				CLANG_WARN_BLOCK_CAPTURE_AUTORELEASING = YES;
				CLANG_WARN_BOOL_CONVERSION = YES;
				CLANG_WARN_COMMA = YES;
				CLANG_WARN_CONSTANT_CONVERSION = YES;
				CLANG_WARN_DEPRECATED_OBJC_IMPLEMENTATIONS = YES;
				CLANG_WARN_DIRECT_OBJC_ISA_USAGE = YES_ERROR;
				CLANG_WARN_DOCUMENTATION_COMMENTS = YES;
				CLANG_WARN_EMPTY_BODY = YES;
				CLANG_WARN_ENUM_CONVERSION = YES;
				CLANG_WARN_INFINITE_RECURSION = YES;
				CLANG_WARN_INT_CONVERSION = YES;
				CLANG_WARN_NON_LITERAL_NULL_CONVERSION = YES;
				CLANG_WARN_OBJC_IMPLICIT_RETAIN_SELF = YES;
				CLANG_WARN_OBJC_LITERAL_CONVERSION = YES;
				CLANG_WARN_OBJC_ROOT_CLASS = YES_ERROR;
				CLANG_WARN_QUOTED_INCLUDE_IN_FRAMEWORK_HEADER = YES;
				CLANG_WARN_RANGE_LOOP_ANALYSIS = YES;
				CLANG_WARN_STRICT_PROTOTYPES = YES;
				CLANG_WARN_SUSPICIOUS_MOVE = YES;
				CLANG_WARN_UNGUARDED_AVAILABILITY = YES_AGGRESSIVE;
				CLANG_WARN_UNREACHABLE_CODE = YES;
				CLANG_WARN__DUPLICATE_METHOD_MATCH = YES;
				COPY_PHASE_STRIP = NO;
				DEBUG_INFORMATION_FORMAT = "dwarf-with-dsym";
				ENABLE_NS_ASSERTIONS = NO;
				ENABLE_STRICT_OBJC_MSGSEND = YES;
				GCC_C_LANGUAGE_STANDARD = gnu11;
				GCC_NO_COMMON_BLOCKS = YES;
				GCC_WARN_64_TO_32_BIT_CONVERSION = YES;
				GCC_WARN_ABOUT_RETURN_TYPE = YES_ERROR;
				GCC_WARN_UNDECLARED_SELECTOR = YES;
				GCC_WARN_UNINITIALIZED_AUTOS = YES_AGGRESSIVE;
				GCC_WARN_UNUSED_FUNCTION = YES;
				GCC_WARN_UNUSED_VARIABLE = YES;
				IPHONEOS_DEPLOYMENT_TARGET = 15.5;
				MTL_ENABLE_DEBUG_INFO = NO;
				MTL_FAST_MATH = YES;
				SDKROOT = iphoneos;
				SWIFT_COMPILATION_MODE = wholemodule;
				SWIFT_OPTIMIZATION_LEVEL = "-O";
				VALIDATE_PRODUCT = YES;
			};
			name = Release;
		};
		0974F63F28CB77A8004E8716 /* Debug */ = {
			isa = XCBuildConfiguration;
			baseConfigurationReference = C38BAD05688D0397B8A5D26C /* Pods-RastreioBF.debug.xcconfig */;
			buildSettings = {
				ASSETCATALOG_COMPILER_APPICON_NAME = AppIcon;
				ASSETCATALOG_COMPILER_GLOBAL_ACCENT_COLOR_NAME = AccentColor;
				CODE_SIGN_STYLE = Automatic;
				CURRENT_PROJECT_VERSION = 1;
				DEVELOPMENT_TEAM = "";
				GENERATE_INFOPLIST_FILE = YES;
				INFOPLIST_FILE = RastreioBF/Info.plist;
				INFOPLIST_KEY_UIApplicationSupportsIndirectInputEvents = YES;
				INFOPLIST_KEY_UILaunchStoryboardName = LaunchScreen;
				INFOPLIST_KEY_UISupportedInterfaceOrientations_iPad = "UIInterfaceOrientationPortrait UIInterfaceOrientationPortraitUpsideDown UIInterfaceOrientationLandscapeLeft UIInterfaceOrientationLandscapeRight";
				INFOPLIST_KEY_UISupportedInterfaceOrientations_iPhone = "UIInterfaceOrientationPortrait UIInterfaceOrientationLandscapeLeft UIInterfaceOrientationLandscapeRight";
				LD_RUNPATH_SEARCH_PATHS = (
					"$(inherited)",
					"@executable_path/Frameworks",
				);
				MARKETING_VERSION = 1.0;
				PRODUCT_BUNDLE_IDENTIFIER = grupoTCC.RastreioBF;
				PRODUCT_NAME = "$(TARGET_NAME)";
				SWIFT_EMIT_LOC_STRINGS = YES;
				SWIFT_VERSION = 5.0;
				TARGETED_DEVICE_FAMILY = 1;
			};
			name = Debug;
		};
		0974F64028CB77A8004E8716 /* Release */ = {
			isa = XCBuildConfiguration;
			baseConfigurationReference = 1FACD7273B5382D4E48D2894 /* Pods-RastreioBF.release.xcconfig */;
			buildSettings = {
				ASSETCATALOG_COMPILER_APPICON_NAME = AppIcon;
				ASSETCATALOG_COMPILER_GLOBAL_ACCENT_COLOR_NAME = AccentColor;
				CODE_SIGN_STYLE = Automatic;
				CURRENT_PROJECT_VERSION = 1;
				DEVELOPMENT_TEAM = "";
				GENERATE_INFOPLIST_FILE = YES;
				INFOPLIST_FILE = RastreioBF/Info.plist;
				INFOPLIST_KEY_UIApplicationSupportsIndirectInputEvents = YES;
				INFOPLIST_KEY_UILaunchStoryboardName = LaunchScreen;
				INFOPLIST_KEY_UISupportedInterfaceOrientations_iPad = "UIInterfaceOrientationPortrait UIInterfaceOrientationPortraitUpsideDown UIInterfaceOrientationLandscapeLeft UIInterfaceOrientationLandscapeRight";
				INFOPLIST_KEY_UISupportedInterfaceOrientations_iPhone = "UIInterfaceOrientationPortrait UIInterfaceOrientationLandscapeLeft UIInterfaceOrientationLandscapeRight";
				LD_RUNPATH_SEARCH_PATHS = (
					"$(inherited)",
					"@executable_path/Frameworks",
				);
				MARKETING_VERSION = 1.0;
				PRODUCT_BUNDLE_IDENTIFIER = grupoTCC.RastreioBF;
				PRODUCT_NAME = "$(TARGET_NAME)";
				SWIFT_EMIT_LOC_STRINGS = YES;
				SWIFT_VERSION = 5.0;
				TARGETED_DEVICE_FAMILY = 1;
			};
			name = Release;
		};
/* End XCBuildConfiguration section */

/* Begin XCConfigurationList section */
		0974F62528CB77A6004E8716 /* Build configuration list for PBXProject "RastreioBF" */ = {
			isa = XCConfigurationList;
			buildConfigurations = (
				0974F63C28CB77A8004E8716 /* Debug */,
				0974F63D28CB77A8004E8716 /* Release */,
			);
			defaultConfigurationIsVisible = 0;
			defaultConfigurationName = Release;
		};
		0974F63E28CB77A8004E8716 /* Build configuration list for PBXNativeTarget "RastreioBF" */ = {
			isa = XCConfigurationList;
			buildConfigurations = (
				0974F63F28CB77A8004E8716 /* Debug */,
				0974F64028CB77A8004E8716 /* Release */,
			);
			defaultConfigurationIsVisible = 0;
			defaultConfigurationName = Release;
		};
/* End XCConfigurationList section */

/* Begin XCVersionGroup section */
		6C0DCC60293D1A28001A5EF2 /* DataProduct.xcdatamodeld */ = {
			isa = XCVersionGroup;
			children = (
				6C0DCC61293D1A28001A5EF2 /* DataModel.xcdatamodel */,
			);
			currentVersion = 6C0DCC61293D1A28001A5EF2 /* DataModel.xcdatamodel */;
			path = DataProduct.xcdatamodeld;
			sourceTree = "<group>";
			versionGroupType = wrapper.xcdatamodel;
		};
/* End XCVersionGroup section */
	};
	rootObject = 0974F62228CB77A6004E8716 /* Project object */;
}
